// !$*UTF8*$!
{
	archiveVersion = 1;
	classes = {
	};
	objectVersion = 50;
	objects = {

/* Begin PBXBuildFile section */
		8432510E22C6CA31009C729E /* AppDelegate.swift in Sources */ = {isa = PBXBuildFile; fileRef = 8432510D22C6CA31009C729E /* AppDelegate.swift */; };
		8432511022C6CA31009C729E /* loginViewController.swift in Sources */ = {isa = PBXBuildFile; fileRef = 8432510F22C6CA31009C729E /* loginViewController.swift */; };
		8432511322C6CA31009C729E /* Main.storyboard in Resources */ = {isa = PBXBuildFile; fileRef = 8432511122C6CA31009C729E /* Main.storyboard */; };
		8432511522C6CA32009C729E /* Assets.xcassets in Resources */ = {isa = PBXBuildFile; fileRef = 8432511422C6CA32009C729E /* Assets.xcassets */; };
		8432511822C6CA32009C729E /* LaunchScreen.storyboard in Resources */ = {isa = PBXBuildFile; fileRef = 8432511622C6CA32009C729E /* LaunchScreen.storyboard */; };
		8432512022C6D761009C729E /* HomeViewController.swift in Sources */ = {isa = PBXBuildFile; fileRef = 8432511F22C6D761009C729E /* HomeViewController.swift */; };
		8432512222C6DC47009C729E /* userViewController.swift in Sources */ = {isa = PBXBuildFile; fileRef = 8432512122C6DC47009C729E /* userViewController.swift */; };
		8432512522C6EF78009C729E /* StudentDetails.swift in Sources */ = {isa = PBXBuildFile; fileRef = 8432512422C6EF78009C729E /* StudentDetails.swift */; };
		84AA056F22CD0FCF005AD96A /* UserDetailViewController.swift in Sources */ = {isa = PBXBuildFile; fileRef = 84AA056E22CD0FCF005AD96A /* UserDetailViewController.swift */; };
		84B3CC4C22CBF65300F810AE /* Extension_Date.swift in Sources */ = {isa = PBXBuildFile; fileRef = 84B3CC4B22CBF65300F810AE /* Extension_Date.swift */; };
/* End PBXBuildFile section */

/* Begin PBXFileReference section */
		8432510A22C6CA31009C729E /* iOSDay2LoginSignup.app */ = {isa = PBXFileReference; explicitFileType = wrapper.application; includeInIndex = 0; path = iOSDay2LoginSignup.app; sourceTree = BUILT_PRODUCTS_DIR; };
		8432510D22C6CA31009C729E /* AppDelegate.swift */ = {isa = PBXFileReference; lastKnownFileType = sourcecode.swift; path = AppDelegate.swift; sourceTree = "<group>"; };
		8432510F22C6CA31009C729E /* loginViewController.swift */ = {isa = PBXFileReference; lastKnownFileType = sourcecode.swift; path = loginViewController.swift; sourceTree = "<group>"; };
		8432511222C6CA31009C729E /* Base */ = {isa = PBXFileReference; lastKnownFileType = file.storyboard; name = Base; path = Base.lproj/Main.storyboard; sourceTree = "<group>"; };
		8432511422C6CA32009C729E /* Assets.xcassets */ = {isa = PBXFileReference; lastKnownFileType = folder.assetcatalog; path = Assets.xcassets; sourceTree = "<group>"; };
		8432511722C6CA32009C729E /* Base */ = {isa = PBXFileReference; lastKnownFileType = file.storyboard; name = Base; path = Base.lproj/LaunchScreen.storyboard; sourceTree = "<group>"; };
		8432511922C6CA32009C729E /* Info.plist */ = {isa = PBXFileReference; lastKnownFileType = text.plist.xml; path = Info.plist; sourceTree = "<group>"; };
		8432511F22C6D761009C729E /* HomeViewController.swift */ = {isa = PBXFileReference; lastKnownFileType = sourcecode.swift; path = HomeViewController.swift; sourceTree = "<group>"; };
		8432512122C6DC47009C729E /* userViewController.swift */ = {isa = PBXFileReference; lastKnownFileType = sourcecode.swift; path = userViewController.swift; sourceTree = "<group>"; };
		8432512422C6EF78009C729E /* StudentDetails.swift */ = {isa = PBXFileReference; lastKnownFileType = sourcecode.swift; path = StudentDetails.swift; sourceTree = "<group>"; };
		84AA056E22CD0FCF005AD96A /* UserDetailViewController.swift */ = {isa = PBXFileReference; lastKnownFileType = sourcecode.swift; path = UserDetailViewController.swift; sourceTree = "<group>"; };
		84B3CC4B22CBF65300F810AE /* Extension_Date.swift */ = {isa = PBXFileReference; lastKnownFileType = sourcecode.swift; path = Extension_Date.swift; sourceTree = "<group>"; };
/* End PBXFileReference section */

/* Begin PBXFrameworksBuildPhase section */
		8432510722C6CA31009C729E /* Frameworks */ = {
			isa = PBXFrameworksBuildPhase;
			buildActionMask = 2147483647;
			files = (
			);
			runOnlyForDeploymentPostprocessing = 0;
		};
/* End PBXFrameworksBuildPhase section */

/* Begin PBXGroup section */
		8432510122C6CA31009C729E = {
			isa = PBXGroup;
			children = (
				8432510C22C6CA31009C729E /* iOSDay2LoginSignup */,
				8432510B22C6CA31009C729E /* Products */,
			);
			sourceTree = "<group>";
		};
		8432510B22C6CA31009C729E /* Products */ = {
			isa = PBXGroup;
			children = (
				8432510A22C6CA31009C729E /* iOSDay2LoginSignup.app */,
			);
			name = Products;
			sourceTree = "<group>";
		};
		8432510C22C6CA31009C729E /* iOSDay2LoginSignup */ = {
			isa = PBXGroup;
			children = (
				84B3CC4A22CBF5F000F810AE /* Extensions */,
				8432512322C6EF5B009C729E /* myClasses */,
				8432510D22C6CA31009C729E /* AppDelegate.swift */,
				8432510F22C6CA31009C729E /* loginViewController.swift */,
				8432511122C6CA31009C729E /* Main.storyboard */,
				8432512122C6DC47009C729E /* userViewController.swift */,
				8432511F22C6D761009C729E /* HomeViewController.swift */,
				8432511422C6CA32009C729E /* Assets.xcassets */,
				8432511622C6CA32009C729E /* LaunchScreen.storyboard */,
				8432511922C6CA32009C729E /* Info.plist */,
				84AA056E22CD0FCF005AD96A /* UserDetailViewController.swift */,
			);
			path = iOSDay2LoginSignup;
			sourceTree = "<group>";
		};
		8432512322C6EF5B009C729E /* myClasses */ = {
			isa = PBXGroup;
			children = (
				8432512422C6EF78009C729E /* StudentDetails.swift */,
			);
			path = myClasses;
			sourceTree = "<group>";
		};
		84B3CC4A22CBF5F000F810AE /* Extensions */ = {
			isa = PBXGroup;
			children = (
				84B3CC4B22CBF65300F810AE /* Extension_Date.swift */,
			);
			path = Extensions;
			sourceTree = "<group>";
		};
/* End PBXGroup section */

/* Begin PBXNativeTarget section */
		8432510922C6CA31009C729E /* iOSDay2LoginSignup */ = {
			isa = PBXNativeTarget;
			buildConfigurationList = 8432511C22C6CA32009C729E /* Build configuration list for PBXNativeTarget "iOSDay2LoginSignup" */;
			buildPhases = (
				8432510622C6CA31009C729E /* Sources */,
				8432510722C6CA31009C729E /* Frameworks */,
				8432510822C6CA31009C729E /* Resources */,
			);
			buildRules = (
			);
			dependencies = (
			);
			name = iOSDay2LoginSignup;
			productName = iOSDay2LoginSignup;
			productReference = 8432510A22C6CA31009C729E /* iOSDay2LoginSignup.app */;
			productType = "com.apple.product-type.application";
		};
/* End PBXNativeTarget section */

/* Begin PBXProject section */
		8432510222C6CA31009C729E /* Project object */ = {
			isa = PBXProject;
			attributes = {
				LastSwiftUpdateCheck = 1020;
				LastUpgradeCheck = 1020;
				ORGANIZATIONNAME = Tarlochan5268;
				TargetAttributes = {
					8432510922C6CA31009C729E = {
						CreatedOnToolsVersion = 10.2.1;
					};
				};
			};
			buildConfigurationList = 8432510522C6CA31009C729E /* Build configuration list for PBXProject "iOSDay2LoginSignup" */;
			compatibilityVersion = "Xcode 9.3";
			developmentRegion = en;
			hasScannedForEncodings = 0;
			knownRegions = (
				en,
				Base,
			);
			mainGroup = 8432510122C6CA31009C729E;
			productRefGroup = 8432510B22C6CA31009C729E /* Products */;
			projectDirPath = "";
			projectRoot = "";
			targets = (
				8432510922C6CA31009C729E /* iOSDay2LoginSignup */,
			);
		};
/* End PBXProject section */

/* Begin PBXResourcesBuildPhase section */
		8432510822C6CA31009C729E /* Resources */ = {
			isa = PBXResourcesBuildPhase;
			buildActionMask = 2147483647;
			files = (
				8432511822C6CA32009C729E /* LaunchScreen.storyboard in Resources */,
				8432511522C6CA32009C729E /* Assets.xcassets in Resources */,
				8432511322C6CA31009C729E /* Main.storyboard in Resources */,
			);
			runOnlyForDeploymentPostprocessing = 0;
		};
/* End PBXResourcesBuildPhase section */

/* Begin PBXSourcesBuildPhase section */
		8432510622C6CA31009C729E /* Sources */ = {
			isa = PBXSourcesBuildPhase;
			buildActionMask = 2147483647;
			files = (
				84AA056F22CD0FCF005AD96A /* UserDetailViewController.swift in Sources */,
				8432511022C6CA31009C729E /* loginViewController.swift in Sources */,
				8432512222C6DC47009C729E /* userViewController.swift in Sources */,
				8432510E22C6CA31009C729E /* AppDelegate.swift in Sources */,
				84B3CC4C22CBF65300F810AE /* Extension_Date.swift in Sources */,
				8432512522C6EF78009C729E /* StudentDetails.swift in Sources */,
				8432512022C6D761009C729E /* HomeViewController.swift in Sources */,
			);
			runOnlyForDeploymentPostprocessing = 0;
		};
/* End PBXSourcesBuildPhase section */

/* Begin PBXVariantGroup section */
		8432511122C6CA31009C729E /* Main.storyboard */ = {
			isa = PBXVariantGroup;
			children = (
				8432511222C6CA31009C729E /* Base */,
			);
			name = Main.storyboard;
			sourceTree = "<group>";
		};
		8432511622C6CA32009C729E /* LaunchScreen.storyboard */ = {
			isa = PBXVariantGroup;
			children = (
				8432511722C6CA32009C729E /* Base */,
			);
			name = LaunchScreen.storyboard;
			sourceTree = "<group>";
		};
/* End PBXVariantGroup section */

/* Begin XCBuildConfiguration section */
		8432511A22C6CA32009C729E /* Debug */ = {
			isa = XCBuildConfiguration;
			buildSettings = {
				ALWAYS_SEARCH_USER_PATHS = NO;
				CLANG_ANALYZER_NONNULL = YES;
				CLANG_ANALYZER_NUMBER_OBJECT_CONVERSION = YES_AGGRESSIVE;
				CLANG_CXX_LANGUAGE_STANDARD = "gnu++14";
				CLANG_CXX_LIBRARY = "libc++";
				CLANG_ENABLE_MODULES = YES;
				CLANG_ENABLE_OBJC_ARC = YES;
				CLANG_ENABLE_OBJC_WEAK = YES;
				CLANG_WARN_BLOCK_CAPTURE_AUTORELEASING = YES;
				CLANG_WARN_BOOL_CONVERSION = YES;
				CLANG_WARN_COMMA = YES;
				CLANG_WARN_CONSTANT_CONVERSION = YES;
				CLANG_WARN_DEPRECATED_OBJC_IMPLEMENTATIONS = YES;
				CLANG_WARN_DIRECT_OBJC_ISA_USAGE = YES_ERROR;
				CLANG_WARN_DOCUMENTATION_COMMENTS = YES;
				CLANG_WARN_EMPTY_BODY = YES;
				CLANG_WARN_ENUM_CONVERSION = YES;
				CLANG_WARN_INFINITE_RECURSION = YES;
				CLANG_WARN_INT_CONVERSION = YES;
				CLANG_WARN_NON_LITERAL_NULL_CONVERSION = YES;
				CLANG_WARN_OBJC_IMPLICIT_RETAIN_SELF = YES;
				CLANG_WARN_OBJC_LITERAL_CONVERSION = YES;
				CLANG_WARN_OBJC_ROOT_CLASS = YES_ERROR;
				CLANG_WARN_RANGE_LOOP_ANALYSIS = YES;
				CLANG_WARN_STRICT_PROTOTYPES = YES;
				CLANG_WARN_SUSPICIOUS_MOVE = YES;
				CLANG_WARN_UNGUARDED_AVAILABILITY = YES_AGGRESSIVE;
				CLANG_WARN_UNREACHABLE_CODE = YES;
				CLANG_WARN__DUPLICATE_METHOD_MATCH = YES;
				CODE_SIGN_IDENTITY = "iPhone Developer";
				COPY_PHASE_STRIP = NO;
				DEBUG_INFORMATION_FORMAT = dwarf;
				ENABLE_STRICT_OBJC_MSGSEND = YES;
				ENABLE_TESTABILITY = YES;
				GCC_C_LANGUAGE_STANDARD = gnu11;
				GCC_DYNAMIC_NO_PIC = NO;
				GCC_NO_COMMON_BLOCKS = YES;
				GCC_OPTIMIZATION_LEVEL = 0;
				GCC_PREPROCESSOR_DEFINITIONS = (
					"DEBUG=1",
					"$(inherited)",
				);
				GCC_WARN_64_TO_32_BIT_CONVERSION = YES;
				GCC_WARN_ABOUT_RETURN_TYPE = YES_ERROR;
				GCC_WARN_UNDECLARED_SELECTOR = YES;
				GCC_WARN_UNINITIALIZED_AUTOS = YES_AGGRESSIVE;
				GCC_WARN_UNUSED_FUNCTION = YES;
				GCC_WARN_UNUSED_VARIABLE = YES;
				IPHONEOS_DEPLOYMENT_TARGET = 12.2;
				MTL_ENABLE_DEBUG_INFO = INCLUDE_SOURCE;
				MTL_FAST_MATH = YES;
				ONLY_ACTIVE_ARCH = YES;
				SDKROOT = iphoneos;
				SWIFT_ACTIVE_COMPILATION_CONDITIONS = DEBUG;
				SWIFT_OPTIMIZATION_LEVEL = "-Onone";
			};
			name = Debug;
		};
		8432511B22C6CA32009C729E /* Release */ = {
			isa = XCBuildConfiguration;
			buildSettings = {
				ALWAYS_SEARCH_USER_PATHS = NO;
				CLANG_ANALYZER_NONNULL = YES;
				CLANG_ANALYZER_NUMBER_OBJECT_CONVERSION = YES_AGGRESSIVE;
				CLANG_CXX_LANGUAGE_STANDARD = "gnu++14";
				CLANG_CXX_LIBRARY = "libc++";
				CLANG_ENABLE_MODULES = YES;
				CLANG_ENABLE_OBJC_ARC = YES;
				CLANG_ENABLE_OBJC_WEAK = YES;
				CLANG_WARN_BLOCK_CAPTURE_AUTORELEASING = YES;
				CLANG_WARN_BOOL_CONVERSION = YES;
				CLANG_WARN_COMMA = YES;
				CLANG_WARN_CONSTANT_CONVERSION = YES;
				CLANG_WARN_DEPRECATED_OBJC_IMPLEMENTATIONS = YES;
				CLANG_WARN_DIRECT_OBJC_ISA_USAGE = YES_ERROR;
				CLANG_WARN_DOCUMENTATION_COMMENTS = YES;
				CLANG_WARN_EMPTY_BODY = YES;
				CLANG_WARN_ENUM_CONVERSION = YES;
				CLANG_WARN_INFINITE_RECURSION = YES;
				CLANG_WARN_INT_CONVERSION = YES;
				CLANG_WARN_NON_LITERAL_NULL_CONVERSION = YES;
				CLANG_WARN_OBJC_IMPLICIT_RETAIN_SELF = YES;
				CLANG_WARN_OBJC_LITERAL_CONVERSION = YES;
				CLANG_WARN_OBJC_ROOT_CLASS = YES_ERROR;
				CLANG_WARN_RANGE_LOOP_ANALYSIS = YES;
				CLANG_WARN_STRICT_PROTOTYPES = YES;
				CLANG_WARN_SUSPICIOUS_MOVE = YES;
				CLANG_WARN_UNGUARDED_AVAILABILITY = YES_AGGRESSIVE;
				CLANG_WARN_UNREACHABLE_CODE = YES;
				CLANG_WARN__DUPLICATE_METHOD_MATCH = YES;
				CODE_SIGN_IDENTITY = "iPhone Developer";
				COPY_PHASE_STRIP = NO;
				DEBUG_INFORMATION_FORMAT = "dwarf-with-dsym";
				ENABLE_NS_ASSERTIONS = NO;
				ENABLE_STRICT_OBJC_MSGSEND = YES;
				GCC_C_LANGUAGE_STANDARD = gnu11;
				GCC_NO_COMMON_BLOCKS = YES;
				GCC_WARN_64_TO_32_BIT_CONVERSION = YES;
				GCC_WARN_ABOUT_RETURN_TYPE = YES_ERROR;
				GCC_WARN_UNDECLARED_SELECTOR = YES;
				GCC_WARN_UNINITIALIZED_AUTOS = YES_AGGRESSIVE;
				GCC_WARN_UNUSED_FUNCTION = YES;
				GCC_WARN_UNUSED_VARIABLE = YES;
				IPHONEOS_DEPLOYMENT_TARGET = 12.2;
				MTL_ENABLE_DEBUG_INFO = NO;
				MTL_FAST_MATH = YES;
				SDKROOT = iphoneos;
				SWIFT_COMPILATION_MODE = wholemodule;
				SWIFT_OPTIMIZATION_LEVEL = "-O";
				VALIDATE_PRODUCT = YES;
			};
			name = Release;
		};
		8432511D22C6CA32009C729E /* Debug */ = {
			isa = XCBuildConfiguration;
			buildSettings = {
				ASSETCATALOG_COMPILER_APPICON_NAME = AppIcon;
				CODE_SIGN_STYLE = Automatic;
				INFOPLIST_FILE = iOSDay2LoginSignup/Info.plist;
				LD_RUNPATH_SEARCH_PATHS = (
					"$(inherited)",
					"@executable_path/Frameworks",
				);
				PRODUCT_BUNDLE_IDENTIFIER = com.lambton.iOSDay2LoginSignup;
				PRODUCT_NAME = "$(TARGET_NAME)";
				SWIFT_VERSION = 5.0;
				TARGETED_DEVICE_FAMILY = "1,2";
			};
			name = Debug;
		};
		8432511E22C6CA32009C729E /* Release */ = {
			isa = XCBuildConfiguration;
			buildSettings = {
				ASSETCATALOG_COMPILER_APPICON_NAME = AppIcon;
				CODE_SIGN_STYLE = Automatic;
				INFOPLIST_FILE = iOSDay2LoginSignup/Info.plist;
				LD_RUNPATH_SEARCH_PATHS = (
					"$(inherited)",
					"@executable_path/Frameworks",
				);
				PRODUCT_BUNDLE_IDENTIFIER = com.lambton.iOSDay2LoginSignup;
				PRODUCT_NAME = "$(TARGET_NAME)";
				SWIFT_VERSION = 5.0;
				TARGETED_DEVICE_FAMILY = "1,2";
			};
			name = Release;
		};
/* End XCBuildConfiguration section */

/* Begin XCConfigurationList section */
		8432510522C6CA31009C729E /* Build configuration list for PBXProject "iOSDay2LoginSignup" */ = {
			isa = XCConfigurationList;
			buildConfigurations = (
				8432511A22C6CA32009C729E /* Debug */,
				8432511B22C6CA32009C729E /* Release */,
			);
			defaultConfigurationIsVisible = 0;
			defaultConfigurationName = Release;
		};
		8432511C22C6CA32009C729E /* Build configuration list for PBXNativeTarget "iOSDay2LoginSignup" */ = {
			isa = XCConfigurationList;
			buildConfigurations = (
				8432511D22C6CA32009C729E /* Debug */,
				8432511E22C6CA32009C729E /* Release */,
			);
			defaultConfigurationIsVisible = 0;
			defaultConfigurationName = Release;
		};
/* End XCConfigurationList section */
	};
	rootObject = 8432510222C6CA31009C729E /* Project object */;
}
